// !$*UTF8*$!
{
	archiveVersion = 1;
	classes = {
	};
	objectVersion = 50;
	objects = {

/* Begin PBXBuildFile section */
		1B9A651123D0EE3500E5ECDF /* AppDelegate.swift in Sources */ = {isa = PBXBuildFile; fileRef = 1B9A651023D0EE3500E5ECDF /* AppDelegate.swift */; };
		1B9A651323D0EE3500E5ECDF /* SceneDelegate.swift in Sources */ = {isa = PBXBuildFile; fileRef = 1B9A651223D0EE3500E5ECDF /* SceneDelegate.swift */; };
		1B9A651523D0EE3500E5ECDF /* ViewController.swift in Sources */ = {isa = PBXBuildFile; fileRef = 1B9A651423D0EE3500E5ECDF /* ViewController.swift */; };
		1B9A651823D0EE3500E5ECDF /* Main.storyboard in Resources */ = {isa = PBXBuildFile; fileRef = 1B9A651623D0EE3500E5ECDF /* Main.storyboard */; };
		1B9A651A23D0EE3700E5ECDF /* Assets.xcassets in Resources */ = {isa = PBXBuildFile; fileRef = 1B9A651923D0EE3700E5ECDF /* Assets.xcassets */; };
		1B9A651D23D0EE3700E5ECDF /* LaunchScreen.storyboard in Resources */ = {isa = PBXBuildFile; fileRef = 1B9A651B23D0EE3700E5ECDF /* LaunchScreen.storyboard */; };
		1B9A654123D0F0B600E5ECDF /* SecondViewController.swift in Sources */ = {isa = PBXBuildFile; fileRef = 1B9A654023D0F0B600E5ECDF /* SecondViewController.swift */; };
/* End PBXBuildFile section */

/* Begin PBXContainerItemProxy section */
		1B9A652423D0EE3700E5ECDF /* PBXContainerItemProxy */ = {
			isa = PBXContainerItemProxy;
			containerPortal = 1B9A650523D0EE3500E5ECDF /* Project object */;
			proxyType = 1;
			remoteGlobalIDString = 1B9A650C23D0EE3500E5ECDF;
			remoteInfo = "DelegatesProtocolsPractice-LetsCreateAnApp";
		};
		1B9A652F23D0EE3700E5ECDF /* PBXContainerItemProxy */ = {
			isa = PBXContainerItemProxy;
			containerPortal = 1B9A650523D0EE3500E5ECDF /* Project object */;
			proxyType = 1;
			remoteGlobalIDString = 1B9A650C23D0EE3500E5ECDF;
			remoteInfo = "DelegatesProtocolsPractice-LetsCreateAnApp";
		};
/* End PBXContainerItemProxy section */

/* Begin PBXFileReference section */
		1B9A650D23D0EE3500E5ECDF /* DelegatesProtocolsPractice-LetsCreateAnApp.app */ = {isa = PBXFileReference; explicitFileType = wrapper.application; includeInIndex = 0; path = "DelegatesProtocolsPractice-LetsCreateAnApp.app"; sourceTree = BUILT_PRODUCTS_DIR; };
		1B9A651023D0EE3500E5ECDF /* AppDelegate.swift */ = {isa = PBXFileReference; lastKnownFileType = sourcecode.swift; path = AppDelegate.swift; sourceTree = "<group>"; };
		1B9A651223D0EE3500E5ECDF /* SceneDelegate.swift */ = {isa = PBXFileReference; lastKnownFileType = sourcecode.swift; path = SceneDelegate.swift; sourceTree = "<group>"; };
		1B9A651423D0EE3500E5ECDF /* ViewController.swift */ = {isa = PBXFileReference; lastKnownFileType = sourcecode.swift; path = ViewController.swift; sourceTree = "<group>"; };
		1B9A651723D0EE3500E5ECDF /* Base */ = {isa = PBXFileReference; lastKnownFileType = file.storyboard; name = Base; path = Base.lproj/Main.storyboard; sourceTree = "<group>"; };
		1B9A651923D0EE3700E5ECDF /* Assets.xcassets */ = {isa = PBXFileReference; lastKnownFileType = folder.assetcatalog; path = Assets.xcassets; sourceTree = "<group>"; };
		1B9A651C23D0EE3700E5ECDF /* Base */ = {isa = PBXFileReference; lastKnownFileType = file.storyboard; name = Base; path = Base.lproj/LaunchScreen.storyboard; sourceTree = "<group>"; };
		1B9A651E23D0EE3700E5ECDF /* Info.plist */ = {isa = PBXFileReference; lastKnownFileType = text.plist.xml; path = Info.plist; sourceTree = "<group>"; };
		1B9A652323D0EE3700E5ECDF /* DelegatesProtocolsPractice-LetsCreateAnAppTests.xctest */ = {isa = PBXFileReference; explicitFileType = wrapper.cfbundle; includeInIndex = 0; path = "DelegatesProtocolsPractice-LetsCreateAnAppTests.xctest"; sourceTree = BUILT_PRODUCTS_DIR; };
		1B9A652E23D0EE3700E5ECDF /* DelegatesProtocolsPractice-LetsCreateAnAppUITests.xctest */ = {isa = PBXFileReference; explicitFileType = wrapper.cfbundle; includeInIndex = 0; path = "DelegatesProtocolsPractice-LetsCreateAnAppUITests.xctest"; sourceTree = BUILT_PRODUCTS_DIR; };
		1B9A654023D0F0B600E5ECDF /* SecondViewController.swift */ = {isa = PBXFileReference; lastKnownFileType = sourcecode.swift; path = SecondViewController.swift; sourceTree = "<group>"; };
/* End PBXFileReference section */

/* Begin PBXFrameworksBuildPhase section */
		1B9A650A23D0EE3500E5ECDF /* Frameworks */ = {
			isa = PBXFrameworksBuildPhase;
			buildActionMask = 2147483647;
			files = (
			);
			runOnlyForDeploymentPostprocessing = 0;
		};
		1B9A652023D0EE3700E5ECDF /* Frameworks */ = {
			isa = PBXFrameworksBuildPhase;
			buildActionMask = 2147483647;
			files = (
			);
			runOnlyForDeploymentPostprocessing = 0;
		};
		1B9A652B23D0EE3700E5ECDF /* Frameworks */ = {
			isa = PBXFrameworksBuildPhase;
			buildActionMask = 2147483647;
			files = (
			);
			runOnlyForDeploymentPostprocessing = 0;
		};
/* End PBXFrameworksBuildPhase section */

/* Begin PBXGroup section */
		1B9A650423D0EE3500E5ECDF = {
			isa = PBXGroup;
			children = (
				1B9A650F23D0EE3500E5ECDF /* DelegatesProtocolsPractice-LetsCreateAnApp */,
				1B9A650E23D0EE3500E5ECDF /* Products */,
			);
			sourceTree = "<group>";
		};
		1B9A650E23D0EE3500E5ECDF /* Products */ = {
			isa = PBXGroup;
			children = (
				1B9A650D23D0EE3500E5ECDF /* DelegatesProtocolsPractice-LetsCreateAnApp.app */,
				1B9A652323D0EE3700E5ECDF /* DelegatesProtocolsPractice-LetsCreateAnAppTests.xctest */,
				1B9A652E23D0EE3700E5ECDF /* DelegatesProtocolsPractice-LetsCreateAnAppUITests.xctest */,
			);
			name = Products;
			sourceTree = "<group>";
		};
		1B9A650F23D0EE3500E5ECDF /* DelegatesProtocolsPractice-LetsCreateAnApp */ = {
			isa = PBXGroup;
			children = (
				1B9A651023D0EE3500E5ECDF /* AppDelegate.swift */,
				1B9A651223D0EE3500E5ECDF /* SceneDelegate.swift */,
				1B9A651423D0EE3500E5ECDF /* ViewController.swift */,
				1B9A654023D0F0B600E5ECDF /* SecondViewController.swift */,
				1B9A651623D0EE3500E5ECDF /* Main.storyboard */,
				1B9A651923D0EE3700E5ECDF /* Assets.xcassets */,
				1B9A651B23D0EE3700E5ECDF /* LaunchScreen.storyboard */,
				1B9A651E23D0EE3700E5ECDF /* Info.plist */,
			);
			path = "DelegatesProtocolsPractice-LetsCreateAnApp";
			sourceTree = "<group>";
		};
/* End PBXGroup section */

/* Begin PBXNativeTarget section */
		1B9A650C23D0EE3500E5ECDF /* DelegatesProtocolsPractice-LetsCreateAnApp */ = {
			isa = PBXNativeTarget;
			buildConfigurationList = 1B9A653723D0EE3700E5ECDF /* Build configuration list for PBXNativeTarget "DelegatesProtocolsPractice-LetsCreateAnApp" */;
			buildPhases = (
				1B9A650923D0EE3500E5ECDF /* Sources */,
				1B9A650A23D0EE3500E5ECDF /* Frameworks */,
				1B9A650B23D0EE3500E5ECDF /* Resources */,
			);
			buildRules = (
			);
			dependencies = (
			);
			name = "DelegatesProtocolsPractice-LetsCreateAnApp";
			productName = "DelegatesProtocolsPractice-LetsCreateAnApp";
			productReference = 1B9A650D23D0EE3500E5ECDF /* DelegatesProtocolsPractice-LetsCreateAnApp.app */;
			productType = "com.apple.product-type.application";
		};
		1B9A652223D0EE3700E5ECDF /* DelegatesProtocolsPractice-LetsCreateAnAppTests */ = {
			isa = PBXNativeTarget;
			buildConfigurationList = 1B9A653A23D0EE3700E5ECDF /* Build configuration list for PBXNativeTarget "DelegatesProtocolsPractice-LetsCreateAnAppTests" */;
			buildPhases = (
				1B9A651F23D0EE3700E5ECDF /* Sources */,
				1B9A652023D0EE3700E5ECDF /* Frameworks */,
				1B9A652123D0EE3700E5ECDF /* Resources */,
			);
			buildRules = (
			);
			dependencies = (
				1B9A652523D0EE3700E5ECDF /* PBXTargetDependency */,
			);
			name = "DelegatesProtocolsPractice-LetsCreateAnAppTests";
			productName = "DelegatesProtocolsPractice-LetsCreateAnAppTests";
			productReference = 1B9A652323D0EE3700E5ECDF /* DelegatesProtocolsPractice-LetsCreateAnAppTests.xctest */;
			productType = "com.apple.product-type.bundle.unit-test";
		};
		1B9A652D23D0EE3700E5ECDF /* DelegatesProtocolsPractice-LetsCreateAnAppUITests */ = {
			isa = PBXNativeTarget;
			buildConfigurationList = 1B9A653D23D0EE3700E5ECDF /* Build configuration list for PBXNativeTarget "DelegatesProtocolsPractice-LetsCreateAnAppUITests" */;
			buildPhases = (
				1B9A652A23D0EE3700E5ECDF /* Sources */,
				1B9A652B23D0EE3700E5ECDF /* Frameworks */,
				1B9A652C23D0EE3700E5ECDF /* Resources */,
			);
			buildRules = (
			);
			dependencies = (
				1B9A653023D0EE3700E5ECDF /* PBXTargetDependency */,
			);
			name = "DelegatesProtocolsPractice-LetsCreateAnAppUITests";
			productName = "DelegatesProtocolsPractice-LetsCreateAnAppUITests";
			productReference = 1B9A652E23D0EE3700E5ECDF /* DelegatesProtocolsPractice-LetsCreateAnAppUITests.xctest */;
			productType = "com.apple.product-type.bundle.ui-testing";
		};
/* End PBXNativeTarget section */

/* Begin PBXProject section */
		1B9A650523D0EE3500E5ECDF /* Project object */ = {
			isa = PBXProject;
			attributes = {
				LastSwiftUpdateCheck = 1130;
				LastUpgradeCheck = 1130;
				ORGANIZATIONNAME = "Chris Price";
				TargetAttributes = {
					1B9A650C23D0EE3500E5ECDF = {
						CreatedOnToolsVersion = 11.3;
					};
					1B9A652223D0EE3700E5ECDF = {
						CreatedOnToolsVersion = 11.3;
						TestTargetID = 1B9A650C23D0EE3500E5ECDF;
					};
					1B9A652D23D0EE3700E5ECDF = {
						CreatedOnToolsVersion = 11.3;
						TestTargetID = 1B9A650C23D0EE3500E5ECDF;
					};
				};
			};
			buildConfigurationList = 1B9A650823D0EE3500E5ECDF /* Build configuration list for PBXProject "DelegatesProtocolsPractice-LetsCreateAnApp" */;
			compatibilityVersion = "Xcode 9.3";
			developmentRegion = en;
			hasScannedForEncodings = 0;
			knownRegions = (
				en,
				Base,
			);
			mainGroup = 1B9A650423D0EE3500E5ECDF;
			productRefGroup = 1B9A650E23D0EE3500E5ECDF /* Products */;
			projectDirPath = "";
			projectRoot = "";
			targets = (
				1B9A650C23D0EE3500E5ECDF /* DelegatesProtocolsPractice-LetsCreateAnApp */,
				1B9A652223D0EE3700E5ECDF /* DelegatesProtocolsPractice-LetsCreateAnAppTests */,
				1B9A652D23D0EE3700E5ECDF /* DelegatesProtocolsPractice-LetsCreateAnAppUITests */,
			);
		};
/* End PBXProject section */

/* Begin PBXResourcesBuildPhase section */
		1B9A650B23D0EE3500E5ECDF /* Resources */ = {
			isa = PBXResourcesBuildPhase;
			buildActionMask = 2147483647;
			files = (
				1B9A651D23D0EE3700E5ECDF /* LaunchScreen.storyboard in Resources */,
				1B9A651A23D0EE3700E5ECDF /* Assets.xcassets in Resources */,
				1B9A651823D0EE3500E5ECDF /* Main.storyboard in Resources */,
			);
			runOnlyForDeploymentPostprocessing = 0;
		};
		1B9A652123D0EE3700E5ECDF /* Resources */ = {
			isa = PBXResourcesBuildPhase;
			buildActionMask = 2147483647;
			files = (
			);
			runOnlyForDeploymentPostprocessing = 0;
		};
		1B9A652C23D0EE3700E5ECDF /* Resources */ = {
			isa = PBXResourcesBuildPhase;
			buildActionMask = 2147483647;
			files = (
			);
			runOnlyForDeploymentPostprocessing = 0;
		};
/* End PBXResourcesBuildPhase section */

/* Begin PBXSourcesBuildPhase section */
		1B9A650923D0EE3500E5ECDF /* Sources */ = {
			isa = PBXSourcesBuildPhase;
			buildActionMask = 2147483647;
			files = (
				1B9A654123D0F0B600E5ECDF /* SecondViewController.swift in Sources */,
				1B9A651523D0EE3500E5ECDF /* ViewController.swift in Sources */,
				1B9A651123D0EE3500E5ECDF /* AppDelegate.swift in Sources */,
				1B9A651323D0EE3500E5ECDF /* SceneDelegate.swift in Sources */,
			);
			runOnlyForDeploymentPostprocessing = 0;
		};
		1B9A651F23D0EE3700E5ECDF /* Sources */ = {
			isa = PBXSourcesBuildPhase;
			buildActionMask = 2147483647;
			files = (
			);
			runOnlyForDeploymentPostprocessing = 0;
		};
		1B9A652A23D0EE3700E5ECDF /* Sources */ = {
			isa = PBXSourcesBuildPhase;
			buildActionMask = 2147483647;
			files = (
			);
			runOnlyForDeploymentPostprocessing = 0;
		};
/* End PBXSourcesBuildPhase section */

/* Begin PBXTargetDependency section */
		1B9A652523D0EE3700E5ECDF /* PBXTargetDependency */ = {
			isa = PBXTargetDependency;
			target = 1B9A650C23D0EE3500E5ECDF /* DelegatesProtocolsPractice-LetsCreateAnApp */;
			targetProxy = 1B9A652423D0EE3700E5ECDF /* PBXContainerItemProxy */;
		};
		1B9A653023D0EE3700E5ECDF /* PBXTargetDependency */ = {
			isa = PBXTargetDependency;
			target = 1B9A650C23D0EE3500E5ECDF /* DelegatesProtocolsPractice-LetsCreateAnApp */;
			targetProxy = 1B9A652F23D0EE3700E5ECDF /* PBXContainerItemProxy */;
		};
/* End PBXTargetDependency section */

/* Begin PBXVariantGroup section */
		1B9A651623D0EE3500E5ECDF /* Main.storyboard */ = {
			isa = PBXVariantGroup;
			children = (
				1B9A651723D0EE3500E5ECDF /* Base */,
			);
			name = Main.storyboard;
			sourceTree = "<group>";
		};
		1B9A651B23D0EE3700E5ECDF /* LaunchScreen.storyboard */ = {
			isa = PBXVariantGroup;
			children = (
				1B9A651C23D0EE3700E5ECDF /* Base */,
			);
			name = LaunchScreen.storyboard;
			sourceTree = "<group>";
		};
/* End PBXVariantGroup section */

/* Begin XCBuildConfiguration section */
		1B9A653523D0EE3700E5ECDF /* Debug */ = {
			isa = XCBuildConfiguration;
			buildSettings = {
				ALWAYS_SEARCH_USER_PATHS = NO;
				CLANG_ANALYZER_NONNULL = YES;
				CLANG_ANALYZER_NUMBER_OBJECT_CONVERSION = YES_AGGRESSIVE;
				CLANG_CXX_LANGUAGE_STANDARD = "gnu++14";
				CLANG_CXX_LIBRARY = "libc++";
				CLANG_ENABLE_MODULES = YES;
				CLANG_ENABLE_OBJC_ARC = YES;
				CLANG_ENABLE_OBJC_WEAK = YES;
				CLANG_WARN_BLOCK_CAPTURE_AUTORELEASING = YES;
				CLANG_WARN_BOOL_CONVERSION = YES;
				CLANG_WARN_COMMA = YES;
				CLANG_WARN_CONSTANT_CONVERSION = YES;
				CLANG_WARN_DEPRECATED_OBJC_IMPLEMENTATIONS = YES;
				CLANG_WARN_DIRECT_OBJC_ISA_USAGE = YES_ERROR;
				CLANG_WARN_DOCUMENTATION_COMMENTS = YES;
				CLANG_WARN_EMPTY_BODY = YES;
				CLANG_WARN_ENUM_CONVERSION = YES;
				CLANG_WARN_INFINITE_RECURSION = YES;
				CLANG_WARN_INT_CONVERSION = YES;
				CLANG_WARN_NON_LITERAL_NULL_CONVERSION = YES;
				CLANG_WARN_OBJC_IMPLICIT_RETAIN_SELF = YES;
				CLANG_WARN_OBJC_LITERAL_CONVERSION = YES;
				CLANG_WARN_OBJC_ROOT_CLASS = YES_ERROR;
				CLANG_WARN_RANGE_LOOP_ANALYSIS = YES;
				CLANG_WARN_STRICT_PROTOTYPES = YES;
				CLANG_WARN_SUSPICIOUS_MOVE = YES;
				CLANG_WARN_UNGUARDED_AVAILABILITY = YES_AGGRESSIVE;
				CLANG_WARN_UNREACHABLE_CODE = YES;
				CLANG_WARN__DUPLICATE_METHOD_MATCH = YES;
				COPY_PHASE_STRIP = NO;
				DEBUG_INFORMATION_FORMAT = dwarf;
				ENABLE_STRICT_OBJC_MSGSEND = YES;
				ENABLE_TESTABILITY = YES;
				GCC_C_LANGUAGE_STANDARD = gnu11;
				GCC_DYNAMIC_NO_PIC = NO;
				GCC_NO_COMMON_BLOCKS = YES;
				GCC_OPTIMIZATION_LEVEL = 0;
				GCC_PREPROCESSOR_DEFINITIONS = (
					"DEBUG=1",
					"$(inherited)",
				);
				GCC_WARN_64_TO_32_BIT_CONVERSION = YES;
				GCC_WARN_ABOUT_RETURN_TYPE = YES_ERROR;
				GCC_WARN_UNDECLARED_SELECTOR = YES;
				GCC_WARN_UNINITIALIZED_AUTOS = YES_AGGRESSIVE;
				GCC_WARN_UNUSED_FUNCTION = YES;
				GCC_WARN_UNUSED_VARIABLE = YES;
				IPHONEOS_DEPLOYMENT_TARGET = 13.2;
				MTL_ENABLE_DEBUG_INFO = INCLUDE_SOURCE;
				MTL_FAST_MATH = YES;
				ONLY_ACTIVE_ARCH = YES;
				SDKROOT = iphoneos;
				SWIFT_ACTIVE_COMPILATION_CONDITIONS = DEBUG;
				SWIFT_OPTIMIZATION_LEVEL = "-Onone";
			};
			name = Debug;
		};
		1B9A653623D0EE3700E5ECDF /* Release */ = {
			isa = XCBuildConfiguration;
			buildSettings = {
				ALWAYS_SEARCH_USER_PATHS = NO;
				CLANG_ANALYZER_NONNULL = YES;
				CLANG_ANALYZER_NUMBER_OBJECT_CONVERSION = YES_AGGRESSIVE;
				CLANG_CXX_LANGUAGE_STANDARD = "gnu++14";
				CLANG_CXX_LIBRARY = "libc++";
				CLANG_ENABLE_MODULES = YES;
				CLANG_ENABLE_OBJC_ARC = YES;
				CLANG_ENABLE_OBJC_WEAK = YES;
				CLANG_WARN_BLOCK_CAPTURE_AUTORELEASING = YES;
				CLANG_WARN_BOOL_CONVERSION = YES;
				CLANG_WARN_COMMA = YES;
				CLANG_WARN_CONSTANT_CONVERSION = YES;
				CLANG_WARN_DEPRECATED_OBJC_IMPLEMENTATIONS = YES;
				CLANG_WARN_DIRECT_OBJC_ISA_USAGE = YES_ERROR;
				CLANG_WARN_DOCUMENTATION_COMMENTS = YES;
				CLANG_WARN_EMPTY_BODY = YES;
				CLANG_WARN_ENUM_CONVERSION = YES;
				CLANG_WARN_INFINITE_RECURSION = YES;
				CLANG_WARN_INT_CONVERSION = YES;
				CLANG_WARN_NON_LITERAL_NULL_CONVERSION = YES;
				CLANG_WARN_OBJC_IMPLICIT_RETAIN_SELF = YES;
				CLANG_WARN_OBJC_LITERAL_CONVERSION = YES;
				CLANG_WARN_OBJC_ROOT_CLASS = YES_ERROR;
				CLANG_WARN_RANGE_LOOP_ANALYSIS = YES;
				CLANG_WARN_STRICT_PROTOTYPES = YES;
				CLANG_WARN_SUSPICIOUS_MOVE = YES;
				CLANG_WARN_UNGUARDED_AVAILABILITY = YES_AGGRESSIVE;
				CLANG_WARN_UNREACHABLE_CODE = YES;
				CLANG_WARN__DUPLICATE_METHOD_MATCH = YES;
				COPY_PHASE_STRIP = NO;
				DEBUG_INFORMATION_FORMAT = "dwarf-with-dsym";
				ENABLE_NS_ASSERTIONS = NO;
				ENABLE_STRICT_OBJC_MSGSEND = YES;
				GCC_C_LANGUAGE_STANDARD = gnu11;
				GCC_NO_COMMON_BLOCKS = YES;
				GCC_WARN_64_TO_32_BIT_CONVERSION = YES;
				GCC_WARN_ABOUT_RETURN_TYPE = YES_ERROR;
				GCC_WARN_UNDECLARED_SELECTOR = YES;
				GCC_WARN_UNINITIALIZED_AUTOS = YES_AGGRESSIVE;
				GCC_WARN_UNUSED_FUNCTION = YES;
				GCC_WARN_UNUSED_VARIABLE = YES;
				IPHONEOS_DEPLOYMENT_TARGET = 13.2;
				MTL_ENABLE_DEBUG_INFO = NO;
				MTL_FAST_MATH = YES;
				SDKROOT = iphoneos;
				SWIFT_COMPILATION_MODE = wholemodule;
				SWIFT_OPTIMIZATION_LEVEL = "-O";
				VALIDATE_PRODUCT = YES;
			};
			name = Release;
		};
		1B9A653823D0EE3700E5ECDF /* Debug */ = {
			isa = XCBuildConfiguration;
			buildSettings = {
				ASSETCATALOG_COMPILER_APPICON_NAME = AppIcon;
				CODE_SIGN_STYLE = Automatic;
				DEVELOPMENT_TEAM = 37V89NUM8V;
				INFOPLIST_FILE = "DelegatesProtocolsPractice-LetsCreateAnApp/Info.plist";
				LD_RUNPATH_SEARCH_PATHS = (
					"$(inherited)",
					"@executable_path/Frameworks",
				);
				PRODUCT_BUNDLE_IDENTIFIER = "com.chrisprice.DelegatesProtocolsPractice-LetsCreateAnApp";
				PRODUCT_NAME = "$(TARGET_NAME)";
				SWIFT_VERSION = 5.0;
				TARGETED_DEVICE_FAMILY = "1,2";
			};
			name = Debug;
		};
		1B9A653923D0EE3700E5ECDF /* Release */ = {
			isa = XCBuildConfiguration;
			buildSettings = {
				ASSETCATALOG_COMPILER_APPICON_NAME = AppIcon;
				CODE_SIGN_STYLE = Automatic;
				DEVELOPMENT_TEAM = 37V89NUM8V;
				INFOPLIST_FILE = "DelegatesProtocolsPractice-LetsCreateAnApp/Info.plist";
				LD_RUNPATH_SEARCH_PATHS = (
					"$(inherited)",
					"@executable_path/Frameworks",
				);
				PRODUCT_BUNDLE_IDENTIFIER = "com.chrisprice.DelegatesProtocolsPractice-LetsCreateAnApp";
				PRODUCT_NAME = "$(TARGET_NAME)";
				SWIFT_VERSION = 5.0;
				TARGETED_DEVICE_FAMILY = "1,2";
			};
			name = Release;
		};
		1B9A653B23D0EE3700E5ECDF /* Debug */ = {
			isa = XCBuildConfiguration;
			buildSettings = {
				ALWAYS_EMBED_SWIFT_STANDARD_LIBRARIES = YES;
				BUNDLE_LOADER = "$(TEST_HOST)";
				CODE_SIGN_STYLE = Automatic;
				DEVELOPMENT_TEAM = 37V89NUM8V;
				INFOPLIST_FILE = "DelegatesProtocolsPractice-LetsCreateAnAppTests/Info.plist";
				IPHONEOS_DEPLOYMENT_TARGET = 13.2;
				LD_RUNPATH_SEARCH_PATHS = (
					"$(inherited)",
					"@executable_path/Frameworks",
					"@loader_path/Frameworks",
				);
				PRODUCT_BUNDLE_IDENTIFIER = "com.chrisprice.DelegatesProtocolsPractice-LetsCreateAnAppTests";
				PRODUCT_NAME = "$(TARGET_NAME)";
				SWIFT_VERSION = 5.0;
				TARGETED_DEVICE_FAMILY = "1,2";
				TEST_HOST = "$(BUILT_PRODUCTS_DIR)/DelegatesProtocolsPractice-LetsCreateAnApp.app/DelegatesProtocolsPractice-LetsCreateAnApp";
			};
			name = Debug;
		};
		1B9A653C23D0EE3700E5ECDF /* Release */ = {
			isa = XCBuildConfiguration;
			buildSettings = {
				ALWAYS_EMBED_SWIFT_STANDARD_LIBRARIES = YES;
				BUNDLE_LOADER = "$(TEST_HOST)";
				CODE_SIGN_STYLE = Automatic;
				DEVELOPMENT_TEAM = 37V89NUM8V;
				INFOPLIST_FILE = "DelegatesProtocolsPractice-LetsCreateAnAppTests/Info.plist";
				IPHONEOS_DEPLOYMENT_TARGET = 13.2;
				LD_RUNPATH_SEARCH_PATHS = (
					"$(inherited)",
					"@executable_path/Frameworks",
					"@loader_path/Frameworks",
				);
				PRODUCT_BUNDLE_IDENTIFIER = "com.chrisprice.DelegatesProtocolsPractice-LetsCreateAnAppTests";
				PRODUCT_NAME = "$(TARGET_NAME)";
				SWIFT_VERSION = 5.0;
				TARGETED_DEVICE_FAMILY = "1,2";
				TEST_HOST = "$(BUILT_PRODUCTS_DIR)/DelegatesProtocolsPractice-LetsCreateAnApp.app/DelegatesProtocolsPractice-LetsCreateAnApp";
			};
			name = Release;
		};
		1B9A653E23D0EE3700E5ECDF /* Debug */ = {
			isa = XCBuildConfiguration;
			buildSettings = {
				ALWAYS_EMBED_SWIFT_STANDARD_LIBRARIES = YES;
				CODE_SIGN_STYLE = Automatic;
				DEVELOPMENT_TEAM = 37V89NUM8V;
				INFOPLIST_FILE = "DelegatesProtocolsPractice-LetsCreateAnAppUITests/Info.plist";
				LD_RUNPATH_SEARCH_PATHS = (
					"$(inherited)",
					"@executable_path/Frameworks",
					"@loader_path/Frameworks",
				);
				PRODUCT_BUNDLE_IDENTIFIER = "com.chrisprice.DelegatesProtocolsPractice-LetsCreateAnAppUITests";
				PRODUCT_NAME = "$(TARGET_NAME)";
				SWIFT_VERSION = 5.0;
				TARGETED_DEVICE_FAMILY = "1,2";
				TEST_TARGET_NAME = "DelegatesProtocolsPractice-LetsCreateAnApp";
			};
			name = Debug;
		};
		1B9A653F23D0EE3700E5ECDF /* Release */ = {
			isa = XCBuildConfiguration;
			buildSettings = {
				ALWAYS_EMBED_SWIFT_STANDARD_LIBRARIES = YES;
				CODE_SIGN_STYLE = Automatic;
				DEVELOPMENT_TEAM = 37V89NUM8V;
				INFOPLIST_FILE = "DelegatesProtocolsPractice-LetsCreateAnAppUITests/Info.plist";
				LD_RUNPATH_SEARCH_PATHS = (
					"$(inherited)",
					"@executable_path/Frameworks",
					"@loader_path/Frameworks",
				);
				PRODUCT_BUNDLE_IDENTIFIER = "com.chrisprice.DelegatesProtocolsPractice-LetsCreateAnAppUITests";
				PRODUCT_NAME = "$(TARGET_NAME)";
				SWIFT_VERSION = 5.0;
				TARGETED_DEVICE_FAMILY = "1,2";
				TEST_TARGET_NAME = "DelegatesProtocolsPractice-LetsCreateAnApp";
			};
			name = Release;
		};
/* End XCBuildConfiguration section */

/* Begin XCConfigurationList section */
		1B9A650823D0EE3500E5ECDF /* Build configuration list for PBXProject "DelegatesProtocolsPractice-LetsCreateAnApp" */ = {
			isa = XCConfigurationList;
			buildConfigurations = (
				1B9A653523D0EE3700E5ECDF /* Debug */,
				1B9A653623D0EE3700E5ECDF /* Release */,
			);
			defaultConfigurationIsVisible = 0;
			defaultConfigurationName = Release;
		};
		1B9A653723D0EE3700E5ECDF /* Build configuration list for PBXNativeTarget "DelegatesProtocolsPractice-LetsCreateAnApp" */ = {
			isa = XCConfigurationList;
			buildConfigurations = (
				1B9A653823D0EE3700E5ECDF /* Debug */,
				1B9A653923D0EE3700E5ECDF /* Release */,
			);
			defaultConfigurationIsVisible = 0;
			defaultConfigurationName = Release;
		};
		1B9A653A23D0EE3700E5ECDF /* Build configuration list for PBXNativeTarget "DelegatesProtocolsPractice-LetsCreateAnAppTests" */ = {
			isa = XCConfigurationList;
			buildConfigurations = (
				1B9A653B23D0EE3700E5ECDF /* Debug */,
				1B9A653C23D0EE3700E5ECDF /* Release */,
			);
			defaultConfigurationIsVisible = 0;
			defaultConfigurationName = Release;
		};
		1B9A653D23D0EE3700E5ECDF /* Build configuration list for PBXNativeTarget "DelegatesProtocolsPractice-LetsCreateAnAppUITests" */ = {
			isa = XCConfigurationList;
			buildConfigurations = (
				1B9A653E23D0EE3700E5ECDF /* Debug */,
				1B9A653F23D0EE3700E5ECDF /* Release */,
			);
			defaultConfigurationIsVisible = 0;
			defaultConfigurationName = Release;
		};
/* End XCConfigurationList section */
	};
	rootObject = 1B9A650523D0EE3500E5ECDF /* Project object */;
}
